{
  "name": "webpage",
  "lockfileVersion": 3,
  "requires": true,
  "packages": {
    "": {
      "dependencies": {
        "animejs": "^4.1.3",
        "gsap": "^3.13.0"
      }
    },
    "node_modules/animejs": {
      "version": "4.1.3",
      "resolved": "https://registry.npmjs.org/animejs/-/animejs-4.1.3.tgz",
      "integrity": "sha512-4XzlIsQsku1ycSPzchxxT0N+ohEMZObG71nOSBBkZoV4sgQvtXa/qAANkFpTE6pegdV8JnIBZiB0LfdxNoRNMw==",
      "license": "MIT"
    },
    "node_modules/gsap": {
      "version": "3.13.0",
      "resolved": "https://registry.npmjs.org/gsap/-/gsap-3.13.0.tgz",
      "integrity": "sha512-QL7MJ2WMjm1PHWsoFrAQH/J8wUeqZvMtHO58qdekHpCfhvhSL4gSiz6vJf5EeMP0LOn3ZCprL2ki/gjED8ghVw==",
      "license": "Standard 'no charge' license: https://gsap.com/standard-license."
    }
  }
}
